// !$*UTF8*$!
{
	archiveVersion = 1;
	classes = {
	};
	objectVersion = 50;
	objects = {

/* Begin PBXBuildFile section */
		6E1CEC9521789188008D0913 /* AppDelegate.swift in Sources */ = {isa = PBXBuildFile; fileRef = 6E1CEC9421789188008D0913 /* AppDelegate.swift */; };
		6E1CEC9721789188008D0913 /* ViewController.swift in Sources */ = {isa = PBXBuildFile; fileRef = 6E1CEC9621789188008D0913 /* ViewController.swift */; };
		6E1CEC9A21789188008D0913 /* Main.storyboard in Resources */ = {isa = PBXBuildFile; fileRef = 6E1CEC9821789188008D0913 /* Main.storyboard */; };
		6E1CEC9C21789189008D0913 /* Assets.xcassets in Resources */ = {isa = PBXBuildFile; fileRef = 6E1CEC9B21789189008D0913 /* Assets.xcassets */; };
		6E1CEC9F21789189008D0913 /* LaunchScreen.storyboard in Resources */ = {isa = PBXBuildFile; fileRef = 6E1CEC9D21789189008D0913 /* LaunchScreen.storyboard */; };
		6E1CECAF21789692008D0913 /* HPopup.swift in Sources */ = {isa = PBXBuildFile; fileRef = 6E1CECAE21789692008D0913 /* HPopup.swift */; };
		6E629DE42178B996003066E8 /* HPopContentView.swift in Sources */ = {isa = PBXBuildFile; fileRef = 6E629DE32178B996003066E8 /* HPopContentView.swift */; };
		6E629DE62178B9AC003066E8 /* HPopContentView.xib in Resources */ = {isa = PBXBuildFile; fileRef = 6E629DE52178B9AC003066E8 /* HPopContentView.xib */; };
		6E629DE82178C283003066E8 /* HPopTableViewController.swift in Sources */ = {isa = PBXBuildFile; fileRef = 6E629DE72178C283003066E8 /* HPopTableViewController.swift */; };
/* End PBXBuildFile section */

/* Begin PBXFileReference section */
		6E1CEC9121789188008D0913 /* HPopup.app */ = {isa = PBXFileReference; explicitFileType = wrapper.application; includeInIndex = 0; path = HPopup.app; sourceTree = BUILT_PRODUCTS_DIR; };
		6E1CEC9421789188008D0913 /* AppDelegate.swift */ = {isa = PBXFileReference; lastKnownFileType = sourcecode.swift; path = AppDelegate.swift; sourceTree = "<group>"; };
		6E1CEC9621789188008D0913 /* ViewController.swift */ = {isa = PBXFileReference; lastKnownFileType = sourcecode.swift; path = ViewController.swift; sourceTree = "<group>"; };
		6E1CEC9921789188008D0913 /* Base */ = {isa = PBXFileReference; lastKnownFileType = file.storyboard; name = Base; path = Base.lproj/Main.storyboard; sourceTree = "<group>"; };
		6E1CEC9B21789189008D0913 /* Assets.xcassets */ = {isa = PBXFileReference; lastKnownFileType = folder.assetcatalog; path = Assets.xcassets; sourceTree = "<group>"; };
		6E1CEC9E21789189008D0913 /* Base */ = {isa = PBXFileReference; lastKnownFileType = file.storyboard; name = Base; path = Base.lproj/LaunchScreen.storyboard; sourceTree = "<group>"; };
		6E1CECA021789189008D0913 /* Info.plist */ = {isa = PBXFileReference; lastKnownFileType = text.plist.xml; path = Info.plist; sourceTree = "<group>"; };
		6E1CECAE21789692008D0913 /* HPopup.swift */ = {isa = PBXFileReference; fileEncoding = 4; lastKnownFileType = sourcecode.swift; path = HPopup.swift; sourceTree = "<group>"; };
		6E629DE32178B996003066E8 /* HPopContentView.swift */ = {isa = PBXFileReference; lastKnownFileType = sourcecode.swift; path = HPopContentView.swift; sourceTree = "<group>"; };
		6E629DE52178B9AC003066E8 /* HPopContentView.xib */ = {isa = PBXFileReference; lastKnownFileType = file.xib; path = HPopContentView.xib; sourceTree = "<group>"; };
		6E629DE72178C283003066E8 /* HPopTableViewController.swift */ = {isa = PBXFileReference; lastKnownFileType = sourcecode.swift; path = HPopTableViewController.swift; sourceTree = "<group>"; };
/* End PBXFileReference section */

/* Begin PBXFrameworksBuildPhase section */
		6E1CEC8E21789188008D0913 /* Frameworks */ = {
			isa = PBXFrameworksBuildPhase;
			buildActionMask = 2147483647;
			files = (
			);
			runOnlyForDeploymentPostprocessing = 0;
		};
/* End PBXFrameworksBuildPhase section */

/* Begin PBXGroup section */
		6E1CEC8821789188008D0913 = {
			isa = PBXGroup;
			children = (
				6E1CECAD21789692008D0913 /* HPopup */,
				6E1CEC9321789188008D0913 /* HPopupDemo */,
				6E1CEC9221789188008D0913 /* Products */,
			);
			sourceTree = "<group>";
		};
		6E1CEC9221789188008D0913 /* Products */ = {
			isa = PBXGroup;
			children = (
				6E1CEC9121789188008D0913 /* HPopup.app */,
			);
			name = Products;
			sourceTree = "<group>";
		};
		6E1CEC9321789188008D0913 /* HPopupDemo */ = {
			isa = PBXGroup;
			children = (
				6E1CEC9421789188008D0913 /* AppDelegate.swift */,
				6E629DE72178C283003066E8 /* HPopTableViewController.swift */,
				6E1CEC9621789188008D0913 /* ViewController.swift */,
				6E629DE32178B996003066E8 /* HPopContentView.swift */,
				6E629DE52178B9AC003066E8 /* HPopContentView.xib */,
				6E1CEC9821789188008D0913 /* Main.storyboard */,
				6E1CEC9B21789189008D0913 /* Assets.xcassets */,
				6E1CEC9D21789189008D0913 /* LaunchScreen.storyboard */,
				6E1CECA021789189008D0913 /* Info.plist */,
			);
			path = HPopupDemo;
			sourceTree = "<group>";
		};
		6E1CECAD21789692008D0913 /* HPopup */ = {
			isa = PBXGroup;
			children = (
				6E1CECAE21789692008D0913 /* HPopup.swift */,
			);
			path = HPopup;
			sourceTree = "<group>";
		};
/* End PBXGroup section */

/* Begin PBXNativeTarget section */
		6E1CEC9021789188008D0913 /* HPopup */ = {
			isa = PBXNativeTarget;
			buildConfigurationList = 6E1CECA321789189008D0913 /* Build configuration list for PBXNativeTarget "HPopup" */;
			buildPhases = (
				6E1CEC8D21789188008D0913 /* Sources */,
				6E1CEC8E21789188008D0913 /* Frameworks */,
				6E1CEC8F21789188008D0913 /* Resources */,
			);
			buildRules = (
			);
			dependencies = (
			);
			name = HPopup;
			productName = HPopupDemo;
			productReference = 6E1CEC9121789188008D0913 /* HPopup.app */;
			productType = "com.apple.product-type.application";
		};
/* End PBXNativeTarget section */

/* Begin PBXProject section */
		6E1CEC8921789188008D0913 /* Project object */ = {
			isa = PBXProject;
			attributes = {
				LastSwiftUpdateCheck = 1000;
				LastUpgradeCheck = 1000;
				ORGANIZATIONNAME = hjs;
				TargetAttributes = {
					6E1CEC9021789188008D0913 = {
						CreatedOnToolsVersion = 10.0;
					};
				};
			};
			buildConfigurationList = 6E1CEC8C21789188008D0913 /* Build configuration list for PBXProject "HPopup" */;
			compatibilityVersion = "Xcode 9.3";
			developmentRegion = en;
			hasScannedForEncodings = 0;
			knownRegions = (
				en,
				Base,
			);
			mainGroup = 6E1CEC8821789188008D0913;
			productRefGroup = 6E1CEC9221789188008D0913 /* Products */;
			projectDirPath = "";
			projectRoot = "";
			targets = (
				6E1CEC9021789188008D0913 /* HPopup */,
			);
		};
/* End PBXProject section */

/* Begin PBXResourcesBuildPhase section */
		6E1CEC8F21789188008D0913 /* Resources */ = {
			isa = PBXResourcesBuildPhase;
			buildActionMask = 2147483647;
			files = (
				6E1CEC9F21789189008D0913 /* LaunchScreen.storyboard in Resources */,
				6E629DE62178B9AC003066E8 /* HPopContentView.xib in Resources */,
				6E1CEC9C21789189008D0913 /* Assets.xcassets in Resources */,
				6E1CEC9A21789188008D0913 /* Main.storyboard in Resources */,
			);
			runOnlyForDeploymentPostprocessing = 0;
		};
/* End PBXResourcesBuildPhase section */

/* Begin PBXSourcesBuildPhase section */
		6E1CEC8D21789188008D0913 /* Sources */ = {
			isa = PBXSourcesBuildPhase;
			buildActionMask = 2147483647;
			files = (
				6E1CEC9721789188008D0913 /* ViewController.swift in Sources */,
				6E1CEC9521789188008D0913 /* AppDelegate.swift in Sources */,
				6E629DE42178B996003066E8 /* HPopContentView.swift in Sources */,
				6E1CECAF21789692008D0913 /* HPopup.swift in Sources */,
				6E629DE82178C283003066E8 /* HPopTableViewController.swift in Sources */,
			);
			runOnlyForDeploymentPostprocessing = 0;
		};
/* End PBXSourcesBuildPhase section */

/* Begin PBXVariantGroup section */
		6E1CEC9821789188008D0913 /* Main.storyboard */ = {
			isa = PBXVariantGroup;
			children = (
				6E1CEC9921789188008D0913 /* Base */,
			);
			name = Main.storyboard;
			sourceTree = "<group>";
		};
		6E1CEC9D21789189008D0913 /* LaunchScreen.storyboard */ = {
			isa = PBXVariantGroup;
			children = (
				6E1CEC9E21789189008D0913 /* Base */,
			);
			name = LaunchScreen.storyboard;
			sourceTree = "<group>";
		};
/* End PBXVariantGroup section */

/* Begin XCBuildConfiguration section */
		6E1CECA121789189008D0913 /* Debug */ = {
			isa = XCBuildConfiguration;
			buildSettings = {
				ALWAYS_SEARCH_USER_PATHS = NO;
				CLANG_ANALYZER_NONNULL = YES;
				CLANG_ANALYZER_NUMBER_OBJECT_CONVERSION = YES_AGGRESSIVE;
				CLANG_CXX_LANGUAGE_STANDARD = "gnu++14";
				CLANG_CXX_LIBRARY = "libc++";
				CLANG_ENABLE_MODULES = YES;
				CLANG_ENABLE_OBJC_ARC = YES;
				CLANG_ENABLE_OBJC_WEAK = YES;
				CLANG_WARN_BLOCK_CAPTURE_AUTORELEASING = YES;
				CLANG_WARN_BOOL_CONVERSION = YES;
				CLANG_WARN_COMMA = YES;
				CLANG_WARN_CONSTANT_CONVERSION = YES;
				CLANG_WARN_DEPRECATED_OBJC_IMPLEMENTATIONS = YES;
				CLANG_WARN_DIRECT_OBJC_ISA_USAGE = YES_ERROR;
				CLANG_WARN_DOCUMENTATION_COMMENTS = YES;
				CLANG_WARN_EMPTY_BODY = YES;
				CLANG_WARN_ENUM_CONVERSION = YES;
				CLANG_WARN_INFINITE_RECURSION = YES;
				CLANG_WARN_INT_CONVERSION = YES;
				CLANG_WARN_NON_LITERAL_NULL_CONVERSION = YES;
				CLANG_WARN_OBJC_IMPLICIT_RETAIN_SELF = YES;
				CLANG_WARN_OBJC_LITERAL_CONVERSION = YES;
				CLANG_WARN_OBJC_ROOT_CLASS = YES_ERROR;
				CLANG_WARN_RANGE_LOOP_ANALYSIS = YES;
				CLANG_WARN_STRICT_PROTOTYPES = YES;
				CLANG_WARN_SUSPICIOUS_MOVE = YES;
				CLANG_WARN_UNGUARDED_AVAILABILITY = YES_AGGRESSIVE;
				CLANG_WARN_UNREACHABLE_CODE = YES;
				CLANG_WARN__DUPLICATE_METHOD_MATCH = YES;
				CODE_SIGN_IDENTITY = "iPhone Developer";
				COPY_PHASE_STRIP = NO;
				DEBUG_INFORMATION_FORMAT = dwarf;
				ENABLE_STRICT_OBJC_MSGSEND = YES;
				ENABLE_TESTABILITY = YES;
				GCC_C_LANGUAGE_STANDARD = gnu11;
				GCC_DYNAMIC_NO_PIC = NO;
				GCC_NO_COMMON_BLOCKS = YES;
				GCC_OPTIMIZATION_LEVEL = 0;
				GCC_PREPROCESSOR_DEFINITIONS = (
					"DEBUG=1",
					"$(inherited)",
				);
				GCC_WARN_64_TO_32_BIT_CONVERSION = YES;
				GCC_WARN_ABOUT_RETURN_TYPE = YES_ERROR;
				GCC_WARN_UNDECLARED_SELECTOR = YES;
				GCC_WARN_UNINITIALIZED_AUTOS = YES_AGGRESSIVE;
				GCC_WARN_UNUSED_FUNCTION = YES;
				GCC_WARN_UNUSED_VARIABLE = YES;
				IPHONEOS_DEPLOYMENT_TARGET = 12.0;
				MTL_ENABLE_DEBUG_INFO = INCLUDE_SOURCE;
				MTL_FAST_MATH = YES;
				ONLY_ACTIVE_ARCH = YES;
				SDKROOT = iphoneos;
				SWIFT_ACTIVE_COMPILATION_CONDITIONS = DEBUG;
				SWIFT_OPTIMIZATION_LEVEL = "-Onone";
			};
			name = Debug;
		};
		6E1CECA221789189008D0913 /* Release */ = {
			isa = XCBuildConfiguration;
			buildSettings = {
				ALWAYS_SEARCH_USER_PATHS = NO;
				CLANG_ANALYZER_NONNULL = YES;
				CLANG_ANALYZER_NUMBER_OBJECT_CONVERSION = YES_AGGRESSIVE;
				CLANG_CXX_LANGUAGE_STANDARD = "gnu++14";
				CLANG_CXX_LIBRARY = "libc++";
				CLANG_ENABLE_MODULES = YES;
				CLANG_ENABLE_OBJC_ARC = YES;
				CLANG_ENABLE_OBJC_WEAK = YES;
				CLANG_WARN_BLOCK_CAPTURE_AUTORELEASING = YES;
				CLANG_WARN_BOOL_CONVERSION = YES;
				CLANG_WARN_COMMA = YES;
				CLANG_WARN_CONSTANT_CONVERSION = YES;
				CLANG_WARN_DEPRECATED_OBJC_IMPLEMENTATIONS = YES;
				CLANG_WARN_DIRECT_OBJC_ISA_USAGE = YES_ERROR;
				CLANG_WARN_DOCUMENTATION_COMMENTS = YES;
				CLANG_WARN_EMPTY_BODY = YES;
				CLANG_WARN_ENUM_CONVERSION = YES;
				CLANG_WARN_INFINITE_RECURSION = YES;
				CLANG_WARN_INT_CONVERSION = YES;
				CLANG_WARN_NON_LITERAL_NULL_CONVERSION = YES;
				CLANG_WARN_OBJC_IMPLICIT_RETAIN_SELF = YES;
				CLANG_WARN_OBJC_LITERAL_CONVERSION = YES;
				CLANG_WARN_OBJC_ROOT_CLASS = YES_ERROR;
				CLANG_WARN_RANGE_LOOP_ANALYSIS = YES;
				CLANG_WARN_STRICT_PROTOTYPES = YES;
				CLANG_WARN_SUSPICIOUS_MOVE = YES;
				CLANG_WARN_UNGUARDED_AVAILABILITY = YES_AGGRESSIVE;
				CLANG_WARN_UNREACHABLE_CODE = YES;
				CLANG_WARN__DUPLICATE_METHOD_MATCH = YES;
				CODE_SIGN_IDENTITY = "iPhone Developer";
				COPY_PHASE_STRIP = NO;
				DEBUG_INFORMATION_FORMAT = "dwarf-with-dsym";
				ENABLE_NS_ASSERTIONS = NO;
				ENABLE_STRICT_OBJC_MSGSEND = YES;
				GCC_C_LANGUAGE_STANDARD = gnu11;
				GCC_NO_COMMON_BLOCKS = YES;
				GCC_WARN_64_TO_32_BIT_CONVERSION = YES;
				GCC_WARN_ABOUT_RETURN_TYPE = YES_ERROR;
				GCC_WARN_UNDECLARED_SELECTOR = YES;
				GCC_WARN_UNINITIALIZED_AUTOS = YES_AGGRESSIVE;
				GCC_WARN_UNUSED_FUNCTION = YES;
				GCC_WARN_UNUSED_VARIABLE = YES;
				IPHONEOS_DEPLOYMENT_TARGET = 12.0;
				MTL_ENABLE_DEBUG_INFO = NO;
				MTL_FAST_MATH = YES;
				SDKROOT = iphoneos;
				SWIFT_COMPILATION_MODE = wholemodule;
				SWIFT_OPTIMIZATION_LEVEL = "-O";
				VALIDATE_PRODUCT = YES;
			};
			name = Release;
		};
		6E1CECA421789189008D0913 /* Debug */ = {
			isa = XCBuildConfiguration;
			buildSettings = {
				ASSETCATALOG_COMPILER_APPICON_NAME = AppIcon;
				CODE_SIGN_STYLE = Automatic;
				DEVELOPMENT_TEAM = J4GVKYLAB7;
				INFOPLIST_FILE = HPopupDemo/Info.plist;
				LD_RUNPATH_SEARCH_PATHS = (
					"$(inherited)",
					"@executable_path/Frameworks",
				);
				PRODUCT_BUNDLE_IDENTIFIER = com.hjs.HPopupDemo;
				PRODUCT_NAME = "$(TARGET_NAME)";
				SWIFT_VERSION = 4.2;
				TARGETED_DEVICE_FAMILY = "1,2";
			};
			name = Debug;
		};
		6E1CECA521789189008D0913 /* Release */ = {
			isa = XCBuildConfiguration;
			buildSettings = {
				ASSETCATALOG_COMPILER_APPICON_NAME = AppIcon;
				CODE_SIGN_STYLE = Automatic;
				DEVELOPMENT_TEAM = J4GVKYLAB7;
				INFOPLIST_FILE = HPopupDemo/Info.plist;
				LD_RUNPATH_SEARCH_PATHS = (
					"$(inherited)",
					"@executable_path/Frameworks",
				);
				PRODUCT_BUNDLE_IDENTIFIER = com.hjs.HPopupDemo;
				PRODUCT_NAME = "$(TARGET_NAME)";
				SWIFT_VERSION = 4.2;
				TARGETED_DEVICE_FAMILY = "1,2";
			};
			name = Release;
		};
/* End XCBuildConfiguration section */

/* Begin XCConfigurationList section */
		6E1CEC8C21789188008D0913 /* Build configuration list for PBXProject "HPopup" */ = {
			isa = XCConfigurationList;
			buildConfigurations = (
				6E1CECA121789189008D0913 /* Debug */,
				6E1CECA221789189008D0913 /* Release */,
			);
			defaultConfigurationIsVisible = 0;
			defaultConfigurationName = Release;
		};
		6E1CECA321789189008D0913 /* Build configuration list for PBXNativeTarget "HPopup" */ = {
			isa = XCConfigurationList;
			buildConfigurations = (
				6E1CECA421789189008D0913 /* Debug */,
				6E1CECA521789189008D0913 /* Release */,
			);
			defaultConfigurationIsVisible = 0;
			defaultConfigurationName = Release;
		};
/* End XCConfigurationList section */
	};
	rootObject = 6E1CEC8921789188008D0913 /* Project object */;
}
